
Microsoft Visual Studio Solution File, Format Version 12.00
# Visual Studio Version 16
VisualStudioVersion = 16.0.32126.315
MinimumVisualStudioVersion = 10.0.40219.1
Project("{FAE04EC0-301F-11D3-BF4B-00C04F79EFBC}") = "SWListMaker", "SWListMaker.csproj", "{D817C457-C259-43CF-BFAA-51268B8CE901}"
EndProject
Global
	GlobalSection(SolutionConfigurationPlatforms) = preSolution
		Debug|Any CPU = Debug|Any CPU
		Release|Any CPU = Release|Any CPU
	EndGlobalSection
	GlobalSection(ProjectConfigurationPlatforms) = postSolution
		{D817C457-C259-43CF-BFAA-51268B8CE901}.Debug|Any CPU.ActiveCfg = Debug|Any CPU
		{D817C457-C259-43CF-BFAA-51268B8CE901}.Debug|Any CPU.Build.0 = Debug|Any CPU
		{D817C457-C259-43CF-BFAA-51268B8CE901}.Release|Any CPU.ActiveCfg = Release|Any CPU
		{D817C457-C259-43CF-BFAA-51268B8CE901}.Release|Any CPU.Build.0 = Release|Any CPU
	EndGlobalSection
	GlobalSection(SolutionProperties) = preSolution
		HideSolutionNode = FALSE
	EndGlobalSection
	GlobalSection(ExtensibilityGlobals) = postSolution
		SolutionGuid = {5F612516-3E0B-4406-9065-45E835FA7195}
	EndGlobalSection
EndGlobal
